// !$*UTF8*$!
{
	archiveVersion = 1;
	classes = {
	};
	objectVersion = 46;
	objects = {

/* Begin PBXBuildFile section */
		2313D6171C6CAC880065DFC9 /* AdPageView.swift in Sources */ = {isa = PBXBuildFile; fileRef = 2313D6161C6CAC880065DFC9 /* AdPageView.swift */; };
		2313D6261C6CBD950065DFC9 /* MainHomeCell.swift in Sources */ = {isa = PBXBuildFile; fileRef = 2313D6241C6CBD950065DFC9 /* MainHomeCell.swift */; };
		2313D6271C6CBD950065DFC9 /* MainHomeCell.xib in Resources */ = {isa = PBXBuildFile; fileRef = 2313D6251C6CBD950065DFC9 /* MainHomeCell.xib */; };
		2313D62C1C6CC52A0065DFC9 /* mainHomeBannerCell.swift in Sources */ = {isa = PBXBuildFile; fileRef = 2313D62A1C6CC52A0065DFC9 /* mainHomeBannerCell.swift */; };
		23156F531C70B5300013A59F /* MessageCenter.swift in Sources */ = {isa = PBXBuildFile; fileRef = 23156F521C70B52F0013A59F /* MessageCenter.swift */; };
		231D98E71C6A2086002789A2 /* BaseTableViewController.swift in Sources */ = {isa = PBXBuildFile; fileRef = 231D98E51C6A2086002789A2 /* BaseTableViewController.swift */; };
		231D98E81C6A2086002789A2 /* BaseViewController.swift in Sources */ = {isa = PBXBuildFile; fileRef = 231D98E61C6A2086002789A2 /* BaseViewController.swift */; };
		231D98F21C6A2109002789A2 /* GiudeInterface.swift in Sources */ = {isa = PBXBuildFile; fileRef = 231D98EC1C6A2109002789A2 /* GiudeInterface.swift */; };
		231D98F31C6A2109002789A2 /* MainHomeController.swift in Sources */ = {isa = PBXBuildFile; fileRef = 231D98ED1C6A2109002789A2 /* MainHomeController.swift */; };
		231D98F41C6A2109002789A2 /* MainTabBarController.swift in Sources */ = {isa = PBXBuildFile; fileRef = 231D98EE1C6A2109002789A2 /* MainTabBarController.swift */; };
		231D98F51C6A2109002789A2 /* MineHomeController.swift in Sources */ = {isa = PBXBuildFile; fileRef = 231D98EF1C6A2109002789A2 /* MineHomeController.swift */; };
		231D98F61C6A2109002789A2 /* OrderListController.swift in Sources */ = {isa = PBXBuildFile; fileRef = 231D98F01C6A2109002789A2 /* OrderListController.swift */; };
		231D98F71C6A2109002789A2 /* ViewController.swift in Sources */ = {isa = PBXBuildFile; fileRef = 231D98F11C6A2109002789A2 /* ViewController.swift */; };
		231D98FC1C6A2750002789A2 /* MineUserInfoView.xib in Resources */ = {isa = PBXBuildFile; fileRef = 231D98FB1C6A2750002789A2 /* MineUserInfoView.xib */; };
		231D98FE1C6A282C002789A2 /* MineUserInfoView.swift in Sources */ = {isa = PBXBuildFile; fileRef = 231D98FD1C6A282C002789A2 /* MineUserInfoView.swift */; };
		231D99001C6A2E5B002789A2 /* UIViewExtension.swift in Sources */ = {isa = PBXBuildFile; fileRef = 231D98FF1C6A2E5B002789A2 /* UIViewExtension.swift */; };
		231D99021C6A40BE002789A2 /* MinePersonalCell.swift in Sources */ = {isa = PBXBuildFile; fileRef = 231D99011C6A40BE002789A2 /* MinePersonalCell.swift */; };
		231D99041C6A40E5002789A2 /* MinePersonalCell.xib in Resources */ = {isa = PBXBuildFile; fileRef = 231D99031C6A40E5002789A2 /* MinePersonalCell.xib */; };
		231D99091C6A478F002789A2 /* UINavigationController+FDFullscreenPopGesture.m in Sources */ = {isa = PBXBuildFile; fileRef = 231D99081C6A478F002789A2 /* UINavigationController+FDFullscreenPopGesture.m */; };
		231D99461C6A5857002789A2 /* UMSocialLocalizable.strings in Resources */ = {isa = PBXBuildFile; fileRef = 231D990F1C6A5857002789A2 /* UMSocialLocalizable.strings */; };
		231D99471C6A5857002789A2 /* libUMSocial_Sdk_4.2.1.a in Frameworks */ = {isa = PBXBuildFile; fileRef = 231D991D1C6A5857002789A2 /* libUMSocial_Sdk_4.2.1.a */; };
		231D99481C6A5857002789A2 /* libUMSocial_Sdk_Comment_4.2.1.a in Frameworks */ = {isa = PBXBuildFile; fileRef = 231D991E1C6A5857002789A2 /* libUMSocial_Sdk_Comment_4.2.1.a */; };
		231D99491C6A5857002789A2 /* UMSCommentDetailController.xib in Resources */ = {isa = PBXBuildFile; fileRef = 231D99201C6A5857002789A2 /* UMSCommentDetailController.xib */; };
		231D994A1C6A5857002789A2 /* UMSCommentInputController.xib in Resources */ = {isa = PBXBuildFile; fileRef = 231D99211C6A5857002789A2 /* UMSCommentInputController.xib */; };
		231D994B1C6A5857002789A2 /* UMSCommentInputControlleriPad.xib in Resources */ = {isa = PBXBuildFile; fileRef = 231D99221C6A5857002789A2 /* UMSCommentInputControlleriPad.xib */; };
		231D994C1C6A5857002789A2 /* UMShareEditViewController.xib in Resources */ = {isa = PBXBuildFile; fileRef = 231D99231C6A5857002789A2 /* UMShareEditViewController.xib */; };
		231D994D1C6A5857002789A2 /* UMShareEditViewControlleriPad.xib in Resources */ = {isa = PBXBuildFile; fileRef = 231D99241C6A5857002789A2 /* UMShareEditViewControlleriPad.xib */; };
		231D994E1C6A5857002789A2 /* UMSLoginViewController.xib in Resources */ = {isa = PBXBuildFile; fileRef = 231D99251C6A5857002789A2 /* UMSLoginViewController.xib */; };
		231D994F1C6A5857002789A2 /* UMSnsAccountViewController.xib in Resources */ = {isa = PBXBuildFile; fileRef = 231D99261C6A5857002789A2 /* UMSnsAccountViewController.xib */; };
		231D99501C6A5857002789A2 /* UMSShareListController.xib in Resources */ = {isa = PBXBuildFile; fileRef = 231D99271C6A5857002789A2 /* UMSShareListController.xib */; };
		231D99511C6A5857002789A2 /* UMSocialSDKResourcesNew.bundle in Resources */ = {isa = PBXBuildFile; fileRef = 231D99281C6A5857002789A2 /* UMSocialSDKResourcesNew.bundle */; };
		231D99521C6A5857002789A2 /* libSocialSina.a in Frameworks */ = {isa = PBXBuildFile; fileRef = 231D992C1C6A5857002789A2 /* libSocialSina.a */; };
		231D99531C6A5857002789A2 /* libSocialQQ.a in Frameworks */ = {isa = PBXBuildFile; fileRef = 231D992F1C6A5857002789A2 /* libSocialQQ.a */; };
		231D99541C6A5857002789A2 /* TencentOpenAPI.framework in Frameworks */ = {isa = PBXBuildFile; fileRef = 231D99301C6A5857002789A2 /* TencentOpenAPI.framework */; };
		231D99551C6A5857002789A2 /* TencentOpenApi_IOS_Bundle.bundle in Resources */ = {isa = PBXBuildFile; fileRef = 231D99311C6A5857002789A2 /* TencentOpenApi_IOS_Bundle.bundle */; };
		231D99561C6A5857002789A2 /* libSocialWechat.a in Frameworks */ = {isa = PBXBuildFile; fileRef = 231D99341C6A5857002789A2 /* libSocialWechat.a */; };
		231D99571C6A5857002789A2 /* libWeChatSDK.a in Frameworks */ = {isa = PBXBuildFile; fileRef = 231D99351C6A5857002789A2 /* libWeChatSDK.a */; };
		231D99581C6A5857002789A2 /* iOS-social-analytics-releasenote.html in Resources */ = {isa = PBXBuildFile; fileRef = 231D993A1C6A5857002789A2 /* iOS-social-analytics-releasenote.html */; };
		231D99591C6A5857002789A2 /* iOS-social-releasenote.html in Resources */ = {isa = PBXBuildFile; fileRef = 231D993B1C6A5857002789A2 /* iOS-social-releasenote.html */; };
		231D995A1C6A5857002789A2 /* ios-social-sdk-comment-detail.html in Resources */ = {isa = PBXBuildFile; fileRef = 231D993C1C6A5857002789A2 /* ios-social-sdk-comment-detail.html */; };
		231D995B1C6A5857002789A2 /* ios-social-sdk-comment-quick.html in Resources */ = {isa = PBXBuildFile; fileRef = 231D993D1C6A5857002789A2 /* ios-social-sdk-comment-quick.html */; };
		231D995C1C6A5857002789A2 /* ios-social-sdk-like.html in Resources */ = {isa = PBXBuildFile; fileRef = 231D993E1C6A5857002789A2 /* ios-social-sdk-like.html */; };
		231D995D1C6A5857002789A2 /* ios-social-sdk-login-detail.html in Resources */ = {isa = PBXBuildFile; fileRef = 231D993F1C6A5857002789A2 /* ios-social-sdk-login-detail.html */; };
		231D995E1C6A5857002789A2 /* ios-social-sdk-login-quick.html in Resources */ = {isa = PBXBuildFile; fileRef = 231D99401C6A5857002789A2 /* ios-social-sdk-login-quick.html */; };
		231D995F1C6A5857002789A2 /* ios-social-sdk-shake.html in Resources */ = {isa = PBXBuildFile; fileRef = 231D99411C6A5857002789A2 /* ios-social-sdk-shake.html */; };
		231D99601C6A5857002789A2 /* ios-social-sdk-share-detail.html in Resources */ = {isa = PBXBuildFile; fileRef = 231D99421C6A5857002789A2 /* ios-social-sdk-share-detail.html */; };
		231D99611C6A5857002789A2 /* ios-social-sdk-share-quick.html in Resources */ = {isa = PBXBuildFile; fileRef = 231D99431C6A5857002789A2 /* ios-social-sdk-share-quick.html */; };
		231D99621C6A5857002789A2 /* ios-social-sdk-socialBar.html in Resources */ = {isa = PBXBuildFile; fileRef = 231D99441C6A5857002789A2 /* ios-social-sdk-socialBar.html */; };
		231D99631C6A5857002789A2 /* markdown.css in Resources */ = {isa = PBXBuildFile; fileRef = 231D99451C6A5857002789A2 /* markdown.css */; };
		231D996F1C6A62EF002789A2 /* libz.tbd in Frameworks */ = {isa = PBXBuildFile; fileRef = 231D996E1C6A62EF002789A2 /* libz.tbd */; };
		231D99711C6A62FE002789A2 /* libstdc++.tbd in Frameworks */ = {isa = PBXBuildFile; fileRef = 231D99701C6A62FE002789A2 /* libstdc++.tbd */; };
		231D99731C6A6312002789A2 /* CoreTelephony.framework in Frameworks */ = {isa = PBXBuildFile; fileRef = 231D99721C6A6312002789A2 /* CoreTelephony.framework */; };
		231D99751C6A6321002789A2 /* libsqlite3.tbd in Frameworks */ = {isa = PBXBuildFile; fileRef = 231D99741C6A6321002789A2 /* libsqlite3.tbd */; };
		231D99771C6A632C002789A2 /* CoreGraphics.framework in Frameworks */ = {isa = PBXBuildFile; fileRef = 231D99761C6A632C002789A2 /* CoreGraphics.framework */; };
		231D99791C6A6337002789A2 /* SystemConfiguration.framework in Frameworks */ = {isa = PBXBuildFile; fileRef = 231D99781C6A6337002789A2 /* SystemConfiguration.framework */; };
		231D997B1C6A6344002789A2 /* libiconv.tbd in Frameworks */ = {isa = PBXBuildFile; fileRef = 231D997A1C6A6344002789A2 /* libiconv.tbd */; };
		231D997D1C6A634D002789A2 /* Security.framework in Frameworks */ = {isa = PBXBuildFile; fileRef = 231D997C1C6A634D002789A2 /* Security.framework */; };
		235C788A1C6C606A001491EF /* YSSegmentedControl.swift in Sources */ = {isa = PBXBuildFile; fileRef = 235C78891C6C606A001491EF /* YSSegmentedControl.swift */; };
		235C78941C6C65A5001491EF /* OrderListCell.xib in Resources */ = {isa = PBXBuildFile; fileRef = 235C78931C6C65A5001491EF /* OrderListCell.xib */; };
		235C78961C6C65BF001491EF /* OrderListCell.swift in Sources */ = {isa = PBXBuildFile; fileRef = 235C78951C6C65BF001491EF /* OrderListCell.swift */; };
		239D5F871C68C10100A99716 /* AppDelegate.swift in Sources */ = {isa = PBXBuildFile; fileRef = 239D5F861C68C10100A99716 /* AppDelegate.swift */; };
		239D5F8C1C68C10100A99716 /* Main.storyboard in Resources */ = {isa = PBXBuildFile; fileRef = 239D5F8A1C68C10100A99716 /* Main.storyboard */; };
		239D5F8F1C68C10100A99716 /* GuideInterface.xcdatamodeld in Sources */ = {isa = PBXBuildFile; fileRef = 239D5F8D1C68C10100A99716 /* GuideInterface.xcdatamodeld */; };
		239D5F911C68C10100A99716 /* Assets.xcassets in Resources */ = {isa = PBXBuildFile; fileRef = 239D5F901C68C10100A99716 /* Assets.xcassets */; };
		239D5F941C68C10100A99716 /* LaunchScreen.storyboard in Resources */ = {isa = PBXBuildFile; fileRef = 239D5F921C68C10100A99716 /* LaunchScreen.storyboard */; };
		239D5F9F1C68C10100A99716 /* GuideInterfaceTests.swift in Sources */ = {isa = PBXBuildFile; fileRef = 239D5F9E1C68C10100A99716 /* GuideInterfaceTests.swift */; };
		239D5FAA1C68C10100A99716 /* GuideInterfaceUITests.swift in Sources */ = {isa = PBXBuildFile; fileRef = 239D5FA91C68C10100A99716 /* GuideInterfaceUITests.swift */; };
		239D5FC21C68C5C100A99716 /* 1.jpg in Resources */ = {isa = PBXBuildFile; fileRef = 239D5FBA1C68C5C100A99716 /* 1.jpg */; };
		239D5FC31C68C5C100A99716 /* 2.jpg in Resources */ = {isa = PBXBuildFile; fileRef = 239D5FBB1C68C5C100A99716 /* 2.jpg */; };
		239D5FC41C68C5C100A99716 /* 3.jpg in Resources */ = {isa = PBXBuildFile; fileRef = 239D5FBC1C68C5C100A99716 /* 3.jpg */; };
		239D5FC51C68C5C100A99716 /* 4.jpg in Resources */ = {isa = PBXBuildFile; fileRef = 239D5FBD1C68C5C100A99716 /* 4.jpg */; };
		239D5FC61C68C5C100A99716 /* 5.jpg in Resources */ = {isa = PBXBuildFile; fileRef = 239D5FBE1C68C5C100A99716 /* 5.jpg */; };
		239D5FC71C68C5C100A99716 /* 6.jpg in Resources */ = {isa = PBXBuildFile; fileRef = 239D5FBF1C68C5C100A99716 /* 6.jpg */; };
		239D5FC81C68C5C100A99716 /* 7.jpg in Resources */ = {isa = PBXBuildFile; fileRef = 239D5FC01C68C5C100A99716 /* 7.jpg */; };
		239D5FC91C68C5C100A99716 /* 8.jpg in Resources */ = {isa = PBXBuildFile; fileRef = 239D5FC11C68C5C100A99716 /* 8.jpg */; };
		23C694CC1C6DF68D00F14368 /* LoginController.xib in Resources */ = {isa = PBXBuildFile; fileRef = 23C694CB1C6DF68D00F14368 /* LoginController.xib */; };
		23C694CE1C6DF6CD00F14368 /* LoginController.swift in Sources */ = {isa = PBXBuildFile; fileRef = 23C694CD1C6DF6CD00F14368 /* LoginController.swift */; };
		23C694D11C6E27B400F14368 /* SwiftNotice.swift in Sources */ = {isa = PBXBuildFile; fileRef = 23C694D01C6E27B400F14368 /* SwiftNotice.swift */; };
		23DD85E21C6F53090040C046 /* Reachability.swift in Sources */ = {isa = PBXBuildFile; fileRef = 23DD85E11C6F53090040C046 /* Reachability.swift */; };
		23DD85E41C6F538A0040C046 /* HttpRequest.swift in Sources */ = {isa = PBXBuildFile; fileRef = 23DD85E31C6F538A0040C046 /* HttpRequest.swift */; };
		23DD85E61C6F55940040C046 /* HttpRequestManager.swift in Sources */ = {isa = PBXBuildFile; fileRef = 23DD85E51C6F55940040C046 /* HttpRequestManager.swift */; };
		23DD85E81C6F56FD0040C046 /* HttpNetworkReachability.swift in Sources */ = {isa = PBXBuildFile; fileRef = 23DD85E71C6F56FD0040C046 /* HttpNetworkReachability.swift */; };
		B03FD14A32F41F7FE7EB05A9 /* Pods.framework in Frameworks */ = {isa = PBXBuildFile; fileRef = 63FDC6325164AFB9EC2DF4E9 /* Pods.framework */; };
/* End PBXBuildFile section */

/* Begin PBXContainerItemProxy section */
		239D5F9B1C68C10100A99716 /* PBXContainerItemProxy */ = {
			isa = PBXContainerItemProxy;
			containerPortal = 239D5F7B1C68C10100A99716 /* Project object */;
			proxyType = 1;
			remoteGlobalIDString = 239D5F821C68C10100A99716;
			remoteInfo = GuideInterface;
		};
		239D5FA61C68C10100A99716 /* PBXContainerItemProxy */ = {
			isa = PBXContainerItemProxy;
			containerPortal = 239D5F7B1C68C10100A99716 /* Project object */;
			proxyType = 1;
			remoteGlobalIDString = 239D5F821C68C10100A99716;
			remoteInfo = GuideInterface;
		};
/* End PBXContainerItemProxy section */

/* Begin PBXFileReference section */
		2313D6161C6CAC880065DFC9 /* AdPageView.swift */ = {isa = PBXFileReference; fileEncoding = 4; lastKnownFileType = sourcecode.swift; path = AdPageView.swift; sourceTree = "<group>"; };
		2313D6241C6CBD950065DFC9 /* MainHomeCell.swift */ = {isa = PBXFileReference; fileEncoding = 4; lastKnownFileType = sourcecode.swift; path = MainHomeCell.swift; sourceTree = "<group>"; };
		2313D6251C6CBD950065DFC9 /* MainHomeCell.xib */ = {isa = PBXFileReference; fileEncoding = 4; lastKnownFileType = file.xib; path = MainHomeCell.xib; sourceTree = "<group>"; };
		2313D62A1C6CC52A0065DFC9 /* mainHomeBannerCell.swift */ = {isa = PBXFileReference; fileEncoding = 4; lastKnownFileType = sourcecode.swift; path = mainHomeBannerCell.swift; sourceTree = "<group>"; };
		23156F521C70B52F0013A59F /* MessageCenter.swift */ = {isa = PBXFileReference; fileEncoding = 4; lastKnownFileType = sourcecode.swift; path = MessageCenter.swift; sourceTree = "<group>"; };
		231D98E51C6A2086002789A2 /* BaseTableViewController.swift */ = {isa = PBXFileReference; fileEncoding = 4; lastKnownFileType = sourcecode.swift; path = BaseTableViewController.swift; sourceTree = "<group>"; };
		231D98E61C6A2086002789A2 /* BaseViewController.swift */ = {isa = PBXFileReference; fileEncoding = 4; lastKnownFileType = sourcecode.swift; path = BaseViewController.swift; sourceTree = "<group>"; };
		231D98EC1C6A2109002789A2 /* GiudeInterface.swift */ = {isa = PBXFileReference; fileEncoding = 4; lastKnownFileType = sourcecode.swift; path = GiudeInterface.swift; sourceTree = "<group>"; };
		231D98ED1C6A2109002789A2 /* MainHomeController.swift */ = {isa = PBXFileReference; fileEncoding = 4; lastKnownFileType = sourcecode.swift; path = MainHomeController.swift; sourceTree = "<group>"; };
		231D98EE1C6A2109002789A2 /* MainTabBarController.swift */ = {isa = PBXFileReference; fileEncoding = 4; lastKnownFileType = sourcecode.swift; path = MainTabBarController.swift; sourceTree = "<group>"; };
		231D98EF1C6A2109002789A2 /* MineHomeController.swift */ = {isa = PBXFileReference; fileEncoding = 4; lastKnownFileType = sourcecode.swift; path = MineHomeController.swift; sourceTree = "<group>"; };
		231D98F01C6A2109002789A2 /* OrderListController.swift */ = {isa = PBXFileReference; fileEncoding = 4; lastKnownFileType = sourcecode.swift; path = OrderListController.swift; sourceTree = "<group>"; };
		231D98F11C6A2109002789A2 /* ViewController.swift */ = {isa = PBXFileReference; fileEncoding = 4; lastKnownFileType = sourcecode.swift; path = ViewController.swift; sourceTree = "<group>"; };
		231D98F81C6A24E8002789A2 /* GuideInterface-Bridging-Header.h */ = {isa = PBXFileReference; lastKnownFileType = sourcecode.c.h; path = "GuideInterface-Bridging-Header.h"; sourceTree = "<group>"; };
		231D98FB1C6A2750002789A2 /* MineUserInfoView.xib */ = {isa = PBXFileReference; fileEncoding = 4; lastKnownFileType = file.xib; path = MineUserInfoView.xib; sourceTree = "<group>"; };
		231D98FD1C6A282C002789A2 /* MineUserInfoView.swift */ = {isa = PBXFileReference; fileEncoding = 4; lastKnownFileType = sourcecode.swift; path = MineUserInfoView.swift; sourceTree = "<group>"; };
		231D98FF1C6A2E5B002789A2 /* UIViewExtension.swift */ = {isa = PBXFileReference; fileEncoding = 4; lastKnownFileType = sourcecode.swift; path = UIViewExtension.swift; sourceTree = "<group>"; };
		231D99011C6A40BE002789A2 /* MinePersonalCell.swift */ = {isa = PBXFileReference; fileEncoding = 4; lastKnownFileType = sourcecode.swift; path = MinePersonalCell.swift; sourceTree = "<group>"; };
		231D99031C6A40E5002789A2 /* MinePersonalCell.xib */ = {isa = PBXFileReference; fileEncoding = 4; lastKnownFileType = file.xib; path = MinePersonalCell.xib; sourceTree = "<group>"; };
		231D99071C6A478F002789A2 /* UINavigationController+FDFullscreenPopGesture.h */ = {isa = PBXFileReference; fileEncoding = 4; lastKnownFileType = sourcecode.c.h; path = "UINavigationController+FDFullscreenPopGesture.h"; sourceTree = "<group>"; };
		231D99081C6A478F002789A2 /* UINavigationController+FDFullscreenPopGesture.m */ = {isa = PBXFileReference; fileEncoding = 4; lastKnownFileType = sourcecode.c.objc; path = "UINavigationController+FDFullscreenPopGesture.m"; sourceTree = "<group>"; };
		231D99101C6A5857002789A2 /* en */ = {isa = PBXFileReference; lastKnownFileType = text.plist.strings; name = en; path = en.lproj/UMSocialLocalizable.strings; sourceTree = "<group>"; };
		231D99121C6A5857002789A2 /* UMSocial.h */ = {isa = PBXFileReference; fileEncoding = 4; lastKnownFileType = sourcecode.c.h; path = UMSocial.h; sourceTree = "<group>"; };
		231D99131C6A5857002789A2 /* UMSocialAccountManager.h */ = {isa = PBXFileReference; fileEncoding = 4; lastKnownFileType = sourcecode.c.h; path = UMSocialAccountManager.h; sourceTree = "<group>"; };
		231D99141C6A5857002789A2 /* UMSocialBar.h */ = {isa = PBXFileReference; fileEncoding = 4; lastKnownFileType = sourcecode.c.h; path = UMSocialBar.h; sourceTree = "<group>"; };
		231D99151C6A5857002789A2 /* UMSocialConfig.h */ = {isa = PBXFileReference; fileEncoding = 4; lastKnownFileType = sourcecode.c.h; path = UMSocialConfig.h; sourceTree = "<group>"; };
		231D99161C6A5857002789A2 /* UMSocialControllerService.h */ = {isa = PBXFileReference; fileEncoding = 4; lastKnownFileType = sourcecode.c.h; path = UMSocialControllerService.h; sourceTree = "<group>"; };
		231D99171C6A5857002789A2 /* UMSocialControllerServiceComment.h */ = {isa = PBXFileReference; fileEncoding = 4; lastKnownFileType = sourcecode.c.h; path = UMSocialControllerServiceComment.h; sourceTree = "<group>"; };
		231D99181C6A5857002789A2 /* UMSocialData.h */ = {isa = PBXFileReference; fileEncoding = 4; lastKnownFileType = sourcecode.c.h; path = UMSocialData.h; sourceTree = "<group>"; };
		231D99191C6A5857002789A2 /* UMSocialDataService.h */ = {isa = PBXFileReference; fileEncoding = 4; lastKnownFileType = sourcecode.c.h; path = UMSocialDataService.h; sourceTree = "<group>"; };
		231D991A1C6A5857002789A2 /* UMSocialSnsData.h */ = {isa = PBXFileReference; fileEncoding = 4; lastKnownFileType = sourcecode.c.h; path = UMSocialSnsData.h; sourceTree = "<group>"; };
		231D991B1C6A5857002789A2 /* UMSocialSnsPlatformManager.h */ = {isa = PBXFileReference; fileEncoding = 4; lastKnownFileType = sourcecode.c.h; path = UMSocialSnsPlatformManager.h; sourceTree = "<group>"; };
		231D991C1C6A5857002789A2 /* UMSocialSnsService.h */ = {isa = PBXFileReference; fileEncoding = 4; lastKnownFileType = sourcecode.c.h; path = UMSocialSnsService.h; sourceTree = "<group>"; };
		231D991D1C6A5857002789A2 /* libUMSocial_Sdk_4.2.1.a */ = {isa = PBXFileReference; lastKnownFileType = archive.ar; path = libUMSocial_Sdk_4.2.1.a; sourceTree = "<group>"; };
		231D991E1C6A5857002789A2 /* libUMSocial_Sdk_Comment_4.2.1.a */ = {isa = PBXFileReference; lastKnownFileType = archive.ar; path = libUMSocial_Sdk_Comment_4.2.1.a; sourceTree = "<group>"; };
		231D99201C6A5857002789A2 /* UMSCommentDetailController.xib */ = {isa = PBXFileReference; fileEncoding = 4; lastKnownFileType = file.xib; path = UMSCommentDetailController.xib; sourceTree = "<group>"; };
		231D99211C6A5857002789A2 /* UMSCommentInputController.xib */ = {isa = PBXFileReference; fileEncoding = 4; lastKnownFileType = file.xib; path = UMSCommentInputController.xib; sourceTree = "<group>"; };
		231D99221C6A5857002789A2 /* UMSCommentInputControlleriPad.xib */ = {isa = PBXFileReference; fileEncoding = 4; lastKnownFileType = file.xib; path = UMSCommentInputControlleriPad.xib; sourceTree = "<group>"; };
		231D99231C6A5857002789A2 /* UMShareEditViewController.xib */ = {isa = PBXFileReference; fileEncoding = 4; lastKnownFileType = file.xib; path = UMShareEditViewController.xib; sourceTree = "<group>"; };
		231D99241C6A5857002789A2 /* UMShareEditViewControlleriPad.xib */ = {isa = PBXFileReference; fileEncoding = 4; lastKnownFileType = file.xib; path = UMShareEditViewControlleriPad.xib; sourceTree = "<group>"; };
		231D99251C6A5857002789A2 /* UMSLoginViewController.xib */ = {isa = PBXFileReference; fileEncoding = 4; lastKnownFileType = file.xib; path = UMSLoginViewController.xib; sourceTree = "<group>"; };
		231D99261C6A5857002789A2 /* UMSnsAccountViewController.xib */ = {isa = PBXFileReference; fileEncoding = 4; lastKnownFileType = file.xib; path = UMSnsAccountViewController.xib; sourceTree = "<group>"; };
		231D99271C6A5857002789A2 /* UMSShareListController.xib */ = {isa = PBXFileReference; fileEncoding = 4; lastKnownFileType = file.xib; path = UMSShareListController.xib; sourceTree = "<group>"; };
		231D99281C6A5857002789A2 /* UMSocialSDKResourcesNew.bundle */ = {isa = PBXFileReference; lastKnownFileType = "wrapper.plug-in"; path = UMSocialSDKResourcesNew.bundle; sourceTree = "<group>"; };
		231D99291C6A5857002789A2 /* zh-Hans */ = {isa = PBXFileReference; lastKnownFileType = text.plist.strings; name = "zh-Hans"; path = "zh-Hans.lproj/UMSocialLocalizable.strings"; sourceTree = "<group>"; };
		231D992C1C6A5857002789A2 /* libSocialSina.a */ = {isa = PBXFileReference; lastKnownFileType = archive.ar; path = libSocialSina.a; sourceTree = "<group>"; };
		231D992D1C6A5857002789A2 /* UMSocialSinaHandler.h */ = {isa = PBXFileReference; fileEncoding = 4; lastKnownFileType = sourcecode.c.h; path = UMSocialSinaHandler.h; sourceTree = "<group>"; };
		231D992F1C6A5857002789A2 /* libSocialQQ.a */ = {isa = PBXFileReference; lastKnownFileType = archive.ar; path = libSocialQQ.a; sourceTree = "<group>"; };
		231D99301C6A5857002789A2 /* TencentOpenAPI.framework */ = {isa = PBXFileReference; lastKnownFileType = wrapper.framework; path = TencentOpenAPI.framework; sourceTree = "<group>"; };
		231D99311C6A5857002789A2 /* TencentOpenApi_IOS_Bundle.bundle */ = {isa = PBXFileReference; lastKnownFileType = "wrapper.plug-in"; path = TencentOpenApi_IOS_Bundle.bundle; sourceTree = "<group>"; };
		231D99321C6A5857002789A2 /* UMSocialQQHandler.h */ = {isa = PBXFileReference; fileEncoding = 4; lastKnownFileType = sourcecode.c.h; path = UMSocialQQHandler.h; sourceTree = "<group>"; };
		231D99341C6A5857002789A2 /* libSocialWechat.a */ = {isa = PBXFileReference; lastKnownFileType = archive.ar; path = libSocialWechat.a; sourceTree = "<group>"; };
		231D99351C6A5857002789A2 /* libWeChatSDK.a */ = {isa = PBXFileReference; lastKnownFileType = archive.ar; path = libWeChatSDK.a; sourceTree = "<group>"; };
		231D99361C6A5857002789A2 /* UMSocialWechatHandler.h */ = {isa = PBXFileReference; fileEncoding = 4; lastKnownFileType = sourcecode.c.h; path = UMSocialWechatHandler.h; sourceTree = "<group>"; };
		231D99371C6A5857002789A2 /* WXApi.h */ = {isa = PBXFileReference; fileEncoding = 4; lastKnownFileType = sourcecode.c.h; path = WXApi.h; sourceTree = "<group>"; };
		231D99381C6A5857002789A2 /* WXApiObject.h */ = {isa = PBXFileReference; fileEncoding = 4; lastKnownFileType = sourcecode.c.h; path = WXApiObject.h; sourceTree = "<group>"; };
		231D993A1C6A5857002789A2 /* iOS-social-analytics-releasenote.html */ = {isa = PBXFileReference; fileEncoding = 4; lastKnownFileType = text.html; path = "iOS-social-analytics-releasenote.html"; sourceTree = "<group>"; };
		231D993B1C6A5857002789A2 /* iOS-social-releasenote.html */ = {isa = PBXFileReference; fileEncoding = 4; lastKnownFileType = text.html; path = "iOS-social-releasenote.html"; sourceTree = "<group>"; };
		231D993C1C6A5857002789A2 /* ios-social-sdk-comment-detail.html */ = {isa = PBXFileReference; fileEncoding = 4; lastKnownFileType = text.html; path = "ios-social-sdk-comment-detail.html"; sourceTree = "<group>"; };
		231D993D1C6A5857002789A2 /* ios-social-sdk-comment-quick.html */ = {isa = PBXFileReference; fileEncoding = 4; lastKnownFileType = text.html; path = "ios-social-sdk-comment-quick.html"; sourceTree = "<group>"; };
		231D993E1C6A5857002789A2 /* ios-social-sdk-like.html */ = {isa = PBXFileReference; fileEncoding = 4; lastKnownFileType = text.html; path = "ios-social-sdk-like.html"; sourceTree = "<group>"; };
		231D993F1C6A5857002789A2 /* ios-social-sdk-login-detail.html */ = {isa = PBXFileReference; fileEncoding = 4; lastKnownFileType = text.html; path = "ios-social-sdk-login-detail.html"; sourceTree = "<group>"; };
		231D99401C6A5857002789A2 /* ios-social-sdk-login-quick.html */ = {isa = PBXFileReference; fileEncoding = 4; lastKnownFileType = text.html; path = "ios-social-sdk-login-quick.html"; sourceTree = "<group>"; };
		231D99411C6A5857002789A2 /* ios-social-sdk-shake.html */ = {isa = PBXFileReference; fileEncoding = 4; lastKnownFileType = text.html; path = "ios-social-sdk-shake.html"; sourceTree = "<group>"; };
		231D99421C6A5857002789A2 /* ios-social-sdk-share-detail.html */ = {isa = PBXFileReference; fileEncoding = 4; lastKnownFileType = text.html; path = "ios-social-sdk-share-detail.html"; sourceTree = "<group>"; };
		231D99431C6A5857002789A2 /* ios-social-sdk-share-quick.html */ = {isa = PBXFileReference; fileEncoding = 4; lastKnownFileType = text.html; path = "ios-social-sdk-share-quick.html"; sourceTree = "<group>"; };
		231D99441C6A5857002789A2 /* ios-social-sdk-socialBar.html */ = {isa = PBXFileReference; fileEncoding = 4; lastKnownFileType = text.html; path = "ios-social-sdk-socialBar.html"; sourceTree = "<group>"; };
		231D99451C6A5857002789A2 /* markdown.css */ = {isa = PBXFileReference; fileEncoding = 4; lastKnownFileType = text.css; path = markdown.css; sourceTree = "<group>"; };
		231D996E1C6A62EF002789A2 /* libz.tbd */ = {isa = PBXFileReference; lastKnownFileType = "sourcecode.text-based-dylib-definition"; name = libz.tbd; path = usr/lib/libz.tbd; sourceTree = SDKROOT; };
		231D99701C6A62FE002789A2 /* libstdc++.tbd */ = {isa = PBXFileReference; lastKnownFileType = "sourcecode.text-based-dylib-definition"; name = "libstdc++.tbd"; path = "usr/lib/libstdc++.tbd"; sourceTree = SDKROOT; };
		231D99721C6A6312002789A2 /* CoreTelephony.framework */ = {isa = PBXFileReference; lastKnownFileType = wrapper.framework; name = CoreTelephony.framework; path = System/Library/Frameworks/CoreTelephony.framework; sourceTree = SDKROOT; };
		231D99741C6A6321002789A2 /* libsqlite3.tbd */ = {isa = PBXFileReference; lastKnownFileType = "sourcecode.text-based-dylib-definition"; name = libsqlite3.tbd; path = usr/lib/libsqlite3.tbd; sourceTree = SDKROOT; };
		231D99761C6A632C002789A2 /* CoreGraphics.framework */ = {isa = PBXFileReference; lastKnownFileType = wrapper.framework; name = CoreGraphics.framework; path = System/Library/Frameworks/CoreGraphics.framework; sourceTree = SDKROOT; };
		231D99781C6A6337002789A2 /* SystemConfiguration.framework */ = {isa = PBXFileReference; lastKnownFileType = wrapper.framework; name = SystemConfiguration.framework; path = System/Library/Frameworks/SystemConfiguration.framework; sourceTree = SDKROOT; };
		231D997A1C6A6344002789A2 /* libiconv.tbd */ = {isa = PBXFileReference; lastKnownFileType = "sourcecode.text-based-dylib-definition"; name = libiconv.tbd; path = usr/lib/libiconv.tbd; sourceTree = SDKROOT; };
		231D997C1C6A634D002789A2 /* Security.framework */ = {isa = PBXFileReference; lastKnownFileType = wrapper.framework; name = Security.framework; path = System/Library/Frameworks/Security.framework; sourceTree = SDKROOT; };
		235C78891C6C606A001491EF /* YSSegmentedControl.swift */ = {isa = PBXFileReference; fileEncoding = 4; lastKnownFileType = sourcecode.swift; path = YSSegmentedControl.swift; sourceTree = "<group>"; };
		235C78931C6C65A5001491EF /* OrderListCell.xib */ = {isa = PBXFileReference; fileEncoding = 4; lastKnownFileType = file.xib; path = OrderListCell.xib; sourceTree = "<group>"; };
		235C78951C6C65BF001491EF /* OrderListCell.swift */ = {isa = PBXFileReference; fileEncoding = 4; lastKnownFileType = sourcecode.swift; path = OrderListCell.swift; sourceTree = "<group>"; };
		235C78971C6C69E0001491EF /* GuideInterface.pch */ = {isa = PBXFileReference; lastKnownFileType = sourcecode.c.h; path = GuideInterface.pch; sourceTree = "<group>"; };
		239D5F831C68C10100A99716 /* GuideInterface.app */ = {isa = PBXFileReference; explicitFileType = wrapper.application; includeInIndex = 0; path = GuideInterface.app; sourceTree = BUILT_PRODUCTS_DIR; };
		239D5F861C68C10100A99716 /* AppDelegate.swift */ = {isa = PBXFileReference; lastKnownFileType = sourcecode.swift; path = AppDelegate.swift; sourceTree = "<group>"; };
		239D5F8B1C68C10100A99716 /* Base */ = {isa = PBXFileReference; lastKnownFileType = file.storyboard; name = Base; path = Base.lproj/Main.storyboard; sourceTree = "<group>"; };
		239D5F8E1C68C10100A99716 /* GuideInterface.xcdatamodel */ = {isa = PBXFileReference; lastKnownFileType = wrapper.xcdatamodel; path = GuideInterface.xcdatamodel; sourceTree = "<group>"; };
		239D5F901C68C10100A99716 /* Assets.xcassets */ = {isa = PBXFileReference; lastKnownFileType = folder.assetcatalog; path = Assets.xcassets; sourceTree = "<group>"; };
		239D5F931C68C10100A99716 /* Base */ = {isa = PBXFileReference; lastKnownFileType = file.storyboard; name = Base; path = Base.lproj/LaunchScreen.storyboard; sourceTree = "<group>"; };
		239D5F951C68C10100A99716 /* Info.plist */ = {isa = PBXFileReference; lastKnownFileType = text.plist.xml; path = Info.plist; sourceTree = "<group>"; };
		239D5F9A1C68C10100A99716 /* GuideInterfaceTests.xctest */ = {isa = PBXFileReference; explicitFileType = wrapper.cfbundle; includeInIndex = 0; path = GuideInterfaceTests.xctest; sourceTree = BUILT_PRODUCTS_DIR; };
		239D5F9E1C68C10100A99716 /* GuideInterfaceTests.swift */ = {isa = PBXFileReference; lastKnownFileType = sourcecode.swift; path = GuideInterfaceTests.swift; sourceTree = "<group>"; };
		239D5FA01C68C10100A99716 /* Info.plist */ = {isa = PBXFileReference; lastKnownFileType = text.plist.xml; path = Info.plist; sourceTree = "<group>"; };
		239D5FA51C68C10100A99716 /* GuideInterfaceUITests.xctest */ = {isa = PBXFileReference; explicitFileType = wrapper.cfbundle; includeInIndex = 0; path = GuideInterfaceUITests.xctest; sourceTree = BUILT_PRODUCTS_DIR; };
		239D5FA91C68C10100A99716 /* GuideInterfaceUITests.swift */ = {isa = PBXFileReference; lastKnownFileType = sourcecode.swift; path = GuideInterfaceUITests.swift; sourceTree = "<group>"; };
		239D5FAB1C68C10100A99716 /* Info.plist */ = {isa = PBXFileReference; lastKnownFileType = text.plist.xml; path = Info.plist; sourceTree = "<group>"; };
		239D5FBA1C68C5C100A99716 /* 1.jpg */ = {isa = PBXFileReference; lastKnownFileType = image.jpeg; path = 1.jpg; sourceTree = "<group>"; };
		239D5FBB1C68C5C100A99716 /* 2.jpg */ = {isa = PBXFileReference; lastKnownFileType = image.jpeg; path = 2.jpg; sourceTree = "<group>"; };
		239D5FBC1C68C5C100A99716 /* 3.jpg */ = {isa = PBXFileReference; lastKnownFileType = image.jpeg; path = 3.jpg; sourceTree = "<group>"; };
		239D5FBD1C68C5C100A99716 /* 4.jpg */ = {isa = PBXFileReference; lastKnownFileType = image.jpeg; path = 4.jpg; sourceTree = "<group>"; };
		239D5FBE1C68C5C100A99716 /* 5.jpg */ = {isa = PBXFileReference; lastKnownFileType = image.jpeg; path = 5.jpg; sourceTree = "<group>"; };
		239D5FBF1C68C5C100A99716 /* 6.jpg */ = {isa = PBXFileReference; lastKnownFileType = image.jpeg; path = 6.jpg; sourceTree = "<group>"; };
		239D5FC01C68C5C100A99716 /* 7.jpg */ = {isa = PBXFileReference; lastKnownFileType = image.jpeg; path = 7.jpg; sourceTree = "<group>"; };
		239D5FC11C68C5C100A99716 /* 8.jpg */ = {isa = PBXFileReference; lastKnownFileType = image.jpeg; path = 8.jpg; sourceTree = "<group>"; };
		23C694CB1C6DF68D00F14368 /* LoginController.xib */ = {isa = PBXFileReference; fileEncoding = 4; lastKnownFileType = file.xib; path = LoginController.xib; sourceTree = "<group>"; };
		23C694CD1C6DF6CD00F14368 /* LoginController.swift */ = {isa = PBXFileReference; fileEncoding = 4; lastKnownFileType = sourcecode.swift; path = LoginController.swift; sourceTree = "<group>"; };
		23C694D01C6E27B400F14368 /* SwiftNotice.swift */ = {isa = PBXFileReference; fileEncoding = 4; lastKnownFileType = sourcecode.swift; path = SwiftNotice.swift; sourceTree = "<group>"; };
		23DD85E11C6F53090040C046 /* Reachability.swift */ = {isa = PBXFileReference; fileEncoding = 4; lastKnownFileType = sourcecode.swift; path = Reachability.swift; sourceTree = "<group>"; };
		23DD85E31C6F538A0040C046 /* HttpRequest.swift */ = {isa = PBXFileReference; fileEncoding = 4; lastKnownFileType = sourcecode.swift; path = HttpRequest.swift; sourceTree = "<group>"; };
		23DD85E51C6F55940040C046 /* HttpRequestManager.swift */ = {isa = PBXFileReference; fileEncoding = 4; lastKnownFileType = sourcecode.swift; path = HttpRequestManager.swift; sourceTree = "<group>"; };
		23DD85E71C6F56FD0040C046 /* HttpNetworkReachability.swift */ = {isa = PBXFileReference; fileEncoding = 4; lastKnownFileType = sourcecode.swift; path = HttpNetworkReachability.swift; sourceTree = "<group>"; };
		621F40C9964C74294AC3474D /* Pods.debug.xcconfig */ = {isa = PBXFileReference; includeInIndex = 1; lastKnownFileType = text.xcconfig; name = Pods.debug.xcconfig; path = "Pods/Target Support Files/Pods/Pods.debug.xcconfig"; sourceTree = "<group>"; };
		63FDC6325164AFB9EC2DF4E9 /* Pods.framework */ = {isa = PBXFileReference; explicitFileType = wrapper.framework; includeInIndex = 0; path = Pods.framework; sourceTree = BUILT_PRODUCTS_DIR; };
		BD05E4D7961E510049C74E19 /* Pods.release.xcconfig */ = {isa = PBXFileReference; includeInIndex = 1; lastKnownFileType = text.xcconfig; name = Pods.release.xcconfig; path = "Pods/Target Support Files/Pods/Pods.release.xcconfig"; sourceTree = "<group>"; };
/* End PBXFileReference section */

/* Begin PBXFrameworksBuildPhase section */
		239D5F801C68C10100A99716 /* Frameworks */ = {
			isa = PBXFrameworksBuildPhase;
			buildActionMask = 2147483647;
			files = (
				231D997D1C6A634D002789A2 /* Security.framework in Frameworks */,
				231D997B1C6A6344002789A2 /* libiconv.tbd in Frameworks */,
				231D99791C6A6337002789A2 /* SystemConfiguration.framework in Frameworks */,
				231D99771C6A632C002789A2 /* CoreGraphics.framework in Frameworks */,
				231D99751C6A6321002789A2 /* libsqlite3.tbd in Frameworks */,
				231D99731C6A6312002789A2 /* CoreTelephony.framework in Frameworks */,
				231D99711C6A62FE002789A2 /* libstdc++.tbd in Frameworks */,
				231D996F1C6A62EF002789A2 /* libz.tbd in Frameworks */,
				231D99531C6A5857002789A2 /* libSocialQQ.a in Frameworks */,
				231D99541C6A5857002789A2 /* TencentOpenAPI.framework in Frameworks */,
				231D99571C6A5857002789A2 /* libWeChatSDK.a in Frameworks */,
				B03FD14A32F41F7FE7EB05A9 /* Pods.framework in Frameworks */,
				231D99471C6A5857002789A2 /* libUMSocial_Sdk_4.2.1.a in Frameworks */,
				231D99481C6A5857002789A2 /* libUMSocial_Sdk_Comment_4.2.1.a in Frameworks */,
				231D99521C6A5857002789A2 /* libSocialSina.a in Frameworks */,
				231D99561C6A5857002789A2 /* libSocialWechat.a in Frameworks */,
			);
			runOnlyForDeploymentPostprocessing = 0;
		};
		239D5F971C68C10100A99716 /* Frameworks */ = {
			isa = PBXFrameworksBuildPhase;
			buildActionMask = 2147483647;
			files = (
			);
			runOnlyForDeploymentPostprocessing = 0;
		};
		239D5FA21C68C10100A99716 /* Frameworks */ = {
			isa = PBXFrameworksBuildPhase;
			buildActionMask = 2147483647;
			files = (
			);
			runOnlyForDeploymentPostprocessing = 0;
		};
/* End PBXFrameworksBuildPhase section */

/* Begin PBXGroup section */
		23156F511C70B5220013A59F /* MessageCenter */ = {
			isa = PBXGroup;
			children = (
				23156F521C70B52F0013A59F /* MessageCenter.swift */,
			);
			path = MessageCenter;
			sourceTree = "<group>";
		};
		231D98E01C6A107F002789A2 /* Base */ = {
			isa = PBXGroup;
			children = (
				231D98E51C6A2086002789A2 /* BaseTableViewController.swift */,
				231D98E61C6A2086002789A2 /* BaseViewController.swift */,
				235C78971C6C69E0001491EF /* GuideInterface.pch */,
				231D98FF1C6A2E5B002789A2 /* UIViewExtension.swift */,
				231D98F81C6A24E8002789A2 /* GuideInterface-Bridging-Header.h */,
			);
			path = Base;
			sourceTree = "<group>";
		};
		231D98E91C6A20E0002789A2 /* Controller */ = {
			isa = PBXGroup;
			children = (
				231D98EC1C6A2109002789A2 /* GiudeInterface.swift */,
				231D98ED1C6A2109002789A2 /* MainHomeController.swift */,
				231D98EE1C6A2109002789A2 /* MainTabBarController.swift */,
				231D98EF1C6A2109002789A2 /* MineHomeController.swift */,
				231D98F01C6A2109002789A2 /* OrderListController.swift */,
				231D98F11C6A2109002789A2 /* ViewController.swift */,
				23C694CD1C6DF6CD00F14368 /* LoginController.swift */,
				23C694CB1C6DF68D00F14368 /* LoginController.xib */,
			);
			path = Controller;
			sourceTree = "<group>";
		};
		231D98EB1C6A20E0002789A2 /* View */ = {
			isa = PBXGroup;
			children = (
				2313D62A1C6CC52A0065DFC9 /* mainHomeBannerCell.swift */,
				2313D6251C6CBD950065DFC9 /* MainHomeCell.xib */,
				2313D6241C6CBD950065DFC9 /* MainHomeCell.swift */,
				235C78931C6C65A5001491EF /* OrderListCell.xib */,
				235C78951C6C65BF001491EF /* OrderListCell.swift */,
				231D98FB1C6A2750002789A2 /* MineUserInfoView.xib */,
				231D98FD1C6A282C002789A2 /* MineUserInfoView.swift */,
				231D99031C6A40E5002789A2 /* MinePersonalCell.xib */,
				231D99011C6A40BE002789A2 /* MinePersonalCell.swift */,
				2313D6161C6CAC880065DFC9 /* AdPageView.swift */,
			);
			path = View;
			sourceTree = "<group>";
		};
		231D99051C6A4786002789A2 /* Tool */ = {
			isa = PBXGroup;
			children = (
				235C78891C6C606A001491EF /* YSSegmentedControl.swift */,
				23C694D01C6E27B400F14368 /* SwiftNotice.swift */,
				23DD85E11C6F53090040C046 /* Reachability.swift */,
				231D990E1C6A5857002789A2 /* UMSocial_Sdk_4.2.1 */,
				231D992A1C6A5857002789A2 /* UMSocial_Sdk_Extra_Frameworks */,
				231D99391C6A5857002789A2 /* UMSocial_Sdk_Instructions */,
				231D99061C6A478F002789A2 /* UINavigationController+FDFullscreenPopGesture */,
			);
			path = Tool;
			sourceTree = "<group>";
		};
		231D99061C6A478F002789A2 /* UINavigationController+FDFullscreenPopGesture */ = {
			isa = PBXGroup;
			children = (
				231D99071C6A478F002789A2 /* UINavigationController+FDFullscreenPopGesture.h */,
				231D99081C6A478F002789A2 /* UINavigationController+FDFullscreenPopGesture.m */,
			);
			path = "UINavigationController+FDFullscreenPopGesture";
			sourceTree = "<group>";
		};
		231D990E1C6A5857002789A2 /* UMSocial_Sdk_4.2.1 */ = {
			isa = PBXGroup;
			children = (
				231D990F1C6A5857002789A2 /* UMSocialLocalizable.strings */,
				231D99111C6A5857002789A2 /* Header */,
				231D991D1C6A5857002789A2 /* libUMSocial_Sdk_4.2.1.a */,
				231D991E1C6A5857002789A2 /* libUMSocial_Sdk_Comment_4.2.1.a */,
				231D991F1C6A5857002789A2 /* SocialSDKXib */,
				231D99281C6A5857002789A2 /* UMSocialSDKResourcesNew.bundle */,
			);
			path = UMSocial_Sdk_4.2.1;
			sourceTree = "<group>";
		};
		231D99111C6A5857002789A2 /* Header */ = {
			isa = PBXGroup;
			children = (
				231D99121C6A5857002789A2 /* UMSocial.h */,
				231D99131C6A5857002789A2 /* UMSocialAccountManager.h */,
				231D99141C6A5857002789A2 /* UMSocialBar.h */,
				231D99151C6A5857002789A2 /* UMSocialConfig.h */,
				231D99161C6A5857002789A2 /* UMSocialControllerService.h */,
				231D99171C6A5857002789A2 /* UMSocialControllerServiceComment.h */,
				231D99181C6A5857002789A2 /* UMSocialData.h */,
				231D99191C6A5857002789A2 /* UMSocialDataService.h */,
				231D991A1C6A5857002789A2 /* UMSocialSnsData.h */,
				231D991B1C6A5857002789A2 /* UMSocialSnsPlatformManager.h */,
				231D991C1C6A5857002789A2 /* UMSocialSnsService.h */,
			);
			path = Header;
			sourceTree = "<group>";
		};
		231D991F1C6A5857002789A2 /* SocialSDKXib */ = {
			isa = PBXGroup;
			children = (
				231D99201C6A5857002789A2 /* UMSCommentDetailController.xib */,
				231D99211C6A5857002789A2 /* UMSCommentInputController.xib */,
				231D99221C6A5857002789A2 /* UMSCommentInputControlleriPad.xib */,
				231D99231C6A5857002789A2 /* UMShareEditViewController.xib */,
				231D99241C6A5857002789A2 /* UMShareEditViewControlleriPad.xib */,
				231D99251C6A5857002789A2 /* UMSLoginViewController.xib */,
				231D99261C6A5857002789A2 /* UMSnsAccountViewController.xib */,
				231D99271C6A5857002789A2 /* UMSShareListController.xib */,
			);
			path = SocialSDKXib;
			sourceTree = "<group>";
		};
		231D992A1C6A5857002789A2 /* UMSocial_Sdk_Extra_Frameworks */ = {
			isa = PBXGroup;
			children = (
				231D992B1C6A5857002789A2 /* Sina */,
				231D992E1C6A5857002789A2 /* TencentOpenAPI */,
				231D99331C6A5857002789A2 /* Wechat */,
			);
			path = UMSocial_Sdk_Extra_Frameworks;
			sourceTree = "<group>";
		};
		231D992B1C6A5857002789A2 /* Sina */ = {
			isa = PBXGroup;
			children = (
				231D992C1C6A5857002789A2 /* libSocialSina.a */,
				231D992D1C6A5857002789A2 /* UMSocialSinaHandler.h */,
			);
			path = Sina;
			sourceTree = "<group>";
		};
		231D992E1C6A5857002789A2 /* TencentOpenAPI */ = {
			isa = PBXGroup;
			children = (
				231D992F1C6A5857002789A2 /* libSocialQQ.a */,
				231D99301C6A5857002789A2 /* TencentOpenAPI.framework */,
				231D99311C6A5857002789A2 /* TencentOpenApi_IOS_Bundle.bundle */,
				231D99321C6A5857002789A2 /* UMSocialQQHandler.h */,
			);
			path = TencentOpenAPI;
			sourceTree = "<group>";
		};
		231D99331C6A5857002789A2 /* Wechat */ = {
			isa = PBXGroup;
			children = (
				231D99341C6A5857002789A2 /* libSocialWechat.a */,
				231D99351C6A5857002789A2 /* libWeChatSDK.a */,
				231D99361C6A5857002789A2 /* UMSocialWechatHandler.h */,
				231D99371C6A5857002789A2 /* WXApi.h */,
				231D99381C6A5857002789A2 /* WXApiObject.h */,
			);
			path = Wechat;
			sourceTree = "<group>";
		};
		231D99391C6A5857002789A2 /* UMSocial_Sdk_Instructions */ = {
			isa = PBXGroup;
			children = (
				231D993A1C6A5857002789A2 /* iOS-social-analytics-releasenote.html */,
				231D993B1C6A5857002789A2 /* iOS-social-releasenote.html */,
				231D993C1C6A5857002789A2 /* ios-social-sdk-comment-detail.html */,
				231D993D1C6A5857002789A2 /* ios-social-sdk-comment-quick.html */,
				231D993E1C6A5857002789A2 /* ios-social-sdk-like.html */,
				231D993F1C6A5857002789A2 /* ios-social-sdk-login-detail.html */,
				231D99401C6A5857002789A2 /* ios-social-sdk-login-quick.html */,
				231D99411C6A5857002789A2 /* ios-social-sdk-shake.html */,
				231D99421C6A5857002789A2 /* ios-social-sdk-share-detail.html */,
				231D99431C6A5857002789A2 /* ios-social-sdk-share-quick.html */,
				231D99441C6A5857002789A2 /* ios-social-sdk-socialBar.html */,
				231D99451C6A5857002789A2 /* markdown.css */,
			);
			path = UMSocial_Sdk_Instructions;
			sourceTree = "<group>";
		};
		239D5F7A1C68C10100A99716 = {
			isa = PBXGroup;
			children = (
				239D5F851C68C10100A99716 /* GuideInterface */,
				239D5F9D1C68C10100A99716 /* GuideInterfaceTests */,
				239D5FA81C68C10100A99716 /* GuideInterfaceUITests */,
				239D5F841C68C10100A99716 /* Products */,
				242597B01A9D732E40BBD449 /* Pods */,
				60501E32A9ACF5E0686FC94B /* Frameworks */,
			);
			sourceTree = "<group>";
		};
		239D5F841C68C10100A99716 /* Products */ = {
			isa = PBXGroup;
			children = (
				239D5F831C68C10100A99716 /* GuideInterface.app */,
				239D5F9A1C68C10100A99716 /* GuideInterfaceTests.xctest */,
				239D5FA51C68C10100A99716 /* GuideInterfaceUITests.xctest */,
			);
			name = Products;
			sourceTree = "<group>";
		};
		239D5F851C68C10100A99716 /* GuideInterface */ = {
			isa = PBXGroup;
			children = (
				23156F511C70B5220013A59F /* MessageCenter */,
				23DD85E01C6F52E70040C046 /* HttpRequest */,
				231D99051C6A4786002789A2 /* Tool */,
				231D98E91C6A20E0002789A2 /* Controller */,
				231D98EB1C6A20E0002789A2 /* View */,
				231D98E01C6A107F002789A2 /* Base */,
				239D5FB91C68C5AE00A99716 /* Image */,
				239D5F861C68C10100A99716 /* AppDelegate.swift */,
				239D5F8A1C68C10100A99716 /* Main.storyboard */,
				239D5F901C68C10100A99716 /* Assets.xcassets */,
				239D5F921C68C10100A99716 /* LaunchScreen.storyboard */,
				239D5F951C68C10100A99716 /* Info.plist */,
				239D5F8D1C68C10100A99716 /* GuideInterface.xcdatamodeld */,
			);
			path = GuideInterface;
			sourceTree = "<group>";
		};
		239D5F9D1C68C10100A99716 /* GuideInterfaceTests */ = {
			isa = PBXGroup;
			children = (
				239D5F9E1C68C10100A99716 /* GuideInterfaceTests.swift */,
				239D5FA01C68C10100A99716 /* Info.plist */,
			);
			path = GuideInterfaceTests;
			sourceTree = "<group>";
		};
		239D5FA81C68C10100A99716 /* GuideInterfaceUITests */ = {
			isa = PBXGroup;
			children = (
				239D5FA91C68C10100A99716 /* GuideInterfaceUITests.swift */,
				239D5FAB1C68C10100A99716 /* Info.plist */,
			);
			path = GuideInterfaceUITests;
			sourceTree = "<group>";
		};
		239D5FB91C68C5AE00A99716 /* Image */ = {
			isa = PBXGroup;
			children = (
				239D5FBA1C68C5C100A99716 /* 1.jpg */,
				239D5FBB1C68C5C100A99716 /* 2.jpg */,
				239D5FBC1C68C5C100A99716 /* 3.jpg */,
				239D5FBD1C68C5C100A99716 /* 4.jpg */,
				239D5FBE1C68C5C100A99716 /* 5.jpg */,
				239D5FBF1C68C5C100A99716 /* 6.jpg */,
				239D5FC01C68C5C100A99716 /* 7.jpg */,
				239D5FC11C68C5C100A99716 /* 8.jpg */,
			);
			path = Image;
			sourceTree = "<group>";
		};
		23DD85E01C6F52E70040C046 /* HttpRequest */ = {
			isa = PBXGroup;
			children = (
				23DD85E71C6F56FD0040C046 /* HttpNetworkReachability.swift */,
				23DD85E31C6F538A0040C046 /* HttpRequest.swift */,
				23DD85E51C6F55940040C046 /* HttpRequestManager.swift */,
			);
			path = HttpRequest;
			sourceTree = "<group>";
		};
		242597B01A9D732E40BBD449 /* Pods */ = {
			isa = PBXGroup;
			children = (
				621F40C9964C74294AC3474D /* Pods.debug.xcconfig */,
				BD05E4D7961E510049C74E19 /* Pods.release.xcconfig */,
			);
			name = Pods;
			sourceTree = "<group>";
		};
		60501E32A9ACF5E0686FC94B /* Frameworks */ = {
			isa = PBXGroup;
			children = (
				231D997C1C6A634D002789A2 /* Security.framework */,
				231D997A1C6A6344002789A2 /* libiconv.tbd */,
				231D99781C6A6337002789A2 /* SystemConfiguration.framework */,
				231D99761C6A632C002789A2 /* CoreGraphics.framework */,
				231D99741C6A6321002789A2 /* libsqlite3.tbd */,
				231D99721C6A6312002789A2 /* CoreTelephony.framework */,
				231D99701C6A62FE002789A2 /* libstdc++.tbd */,
				231D996E1C6A62EF002789A2 /* libz.tbd */,
				63FDC6325164AFB9EC2DF4E9 /* Pods.framework */,
			);
			name = Frameworks;
			sourceTree = "<group>";
		};
/* End PBXGroup section */

/* Begin PBXNativeTarget section */
		239D5F821C68C10100A99716 /* GuideInterface */ = {
			isa = PBXNativeTarget;
			buildConfigurationList = 239D5FAE1C68C10100A99716 /* Build configuration list for PBXNativeTarget "GuideInterface" */;
			buildPhases = (
				7005941E62FA704591693090 /* Check Pods Manifest.lock */,
				239D5F7F1C68C10100A99716 /* Sources */,
				239D5F801C68C10100A99716 /* Frameworks */,
				239D5F811C68C10100A99716 /* Resources */,
				B430A868AD777B3472B0CAB4 /* Embed Pods Frameworks */,
				806BA04B226B7BD64710F52F /* Copy Pods Resources */,
			);
			buildRules = (
			);
			dependencies = (
			);
			name = GuideInterface;
			productName = GuideInterface;
			productReference = 239D5F831C68C10100A99716 /* GuideInterface.app */;
			productType = "com.apple.product-type.application";
		};
		239D5F991C68C10100A99716 /* GuideInterfaceTests */ = {
			isa = PBXNativeTarget;
			buildConfigurationList = 239D5FB11C68C10100A99716 /* Build configuration list for PBXNativeTarget "GuideInterfaceTests" */;
			buildPhases = (
				239D5F961C68C10100A99716 /* Sources */,
				239D5F971C68C10100A99716 /* Frameworks */,
				239D5F981C68C10100A99716 /* Resources */,
			);
			buildRules = (
			);
			dependencies = (
				239D5F9C1C68C10100A99716 /* PBXTargetDependency */,
			);
			name = GuideInterfaceTests;
			productName = GuideInterfaceTests;
			productReference = 239D5F9A1C68C10100A99716 /* GuideInterfaceTests.xctest */;
			productType = "com.apple.product-type.bundle.unit-test";
		};
		239D5FA41C68C10100A99716 /* GuideInterfaceUITests */ = {
			isa = PBXNativeTarget;
			buildConfigurationList = 239D5FB41C68C10100A99716 /* Build configuration list for PBXNativeTarget "GuideInterfaceUITests" */;
			buildPhases = (
				239D5FA11C68C10100A99716 /* Sources */,
				239D5FA21C68C10100A99716 /* Frameworks */,
				239D5FA31C68C10100A99716 /* Resources */,
			);
			buildRules = (
			);
			dependencies = (
				239D5FA71C68C10100A99716 /* PBXTargetDependency */,
			);
			name = GuideInterfaceUITests;
			productName = GuideInterfaceUITests;
			productReference = 239D5FA51C68C10100A99716 /* GuideInterfaceUITests.xctest */;
			productType = "com.apple.product-type.bundle.ui-testing";
		};
/* End PBXNativeTarget section */

/* Begin PBXProject section */
		239D5F7B1C68C10100A99716 /* Project object */ = {
			isa = PBXProject;
			attributes = {
				LastSwiftUpdateCheck = 0720;
				LastUpgradeCheck = 0720;
				ORGANIZATIONNAME = "上海乐住信息技术有限公司";
				TargetAttributes = {
					239D5F821C68C10100A99716 = {
						CreatedOnToolsVersion = 7.2;
						DevelopmentTeam = CU4XLCPFAU;
					};
					239D5F991C68C10100A99716 = {
						CreatedOnToolsVersion = 7.2;
						TestTargetID = 239D5F821C68C10100A99716;
					};
					239D5FA41C68C10100A99716 = {
						CreatedOnToolsVersion = 7.2;
						TestTargetID = 239D5F821C68C10100A99716;
					};
				};
			};
			buildConfigurationList = 239D5F7E1C68C10100A99716 /* Build configuration list for PBXProject "GuideInterface" */;
			compatibilityVersion = "Xcode 3.2";
			developmentRegion = English;
			hasScannedForEncodings = 0;
			knownRegions = (
				en,
				Base,
				"zh-Hans",
			);
			mainGroup = 239D5F7A1C68C10100A99716;
			productRefGroup = 239D5F841C68C10100A99716 /* Products */;
			projectDirPath = "";
			projectRoot = "";
			targets = (
				239D5F821C68C10100A99716 /* GuideInterface */,
				239D5F991C68C10100A99716 /* GuideInterfaceTests */,
				239D5FA41C68C10100A99716 /* GuideInterfaceUITests */,
			);
		};
/* End PBXProject section */

/* Begin PBXResourcesBuildPhase section */
		239D5F811C68C10100A99716 /* Resources */ = {
			isa = PBXResourcesBuildPhase;
			buildActionMask = 2147483647;
			files = (
				231D994C1C6A5857002789A2 /* UMShareEditViewController.xib in Resources */,
				231D98FC1C6A2750002789A2 /* MineUserInfoView.xib in Resources */,
				231D99581C6A5857002789A2 /* iOS-social-analytics-releasenote.html in Resources */,
				231D99631C6A5857002789A2 /* markdown.css in Resources */,
				239D5FC91C68C5C100A99716 /* 8.jpg in Resources */,
				231D99461C6A5857002789A2 /* UMSocialLocalizable.strings in Resources */,
				231D995D1C6A5857002789A2 /* ios-social-sdk-login-detail.html in Resources */,
				239D5FC71C68C5C100A99716 /* 6.jpg in Resources */,
				231D994E1C6A5857002789A2 /* UMSLoginViewController.xib in Resources */,
				231D99501C6A5857002789A2 /* UMSShareListController.xib in Resources */,
				239D5F941C68C10100A99716 /* LaunchScreen.storyboard in Resources */,
				231D99041C6A40E5002789A2 /* MinePersonalCell.xib in Resources */,
				231D994B1C6A5857002789A2 /* UMSCommentInputControlleriPad.xib in Resources */,
				239D5FC61C68C5C100A99716 /* 5.jpg in Resources */,
				239D5FC51C68C5C100A99716 /* 4.jpg in Resources */,
				231D99591C6A5857002789A2 /* iOS-social-releasenote.html in Resources */,
				231D994D1C6A5857002789A2 /* UMShareEditViewControlleriPad.xib in Resources */,
				239D5FC21C68C5C100A99716 /* 1.jpg in Resources */,
				239D5FC31C68C5C100A99716 /* 2.jpg in Resources */,
				231D995F1C6A5857002789A2 /* ios-social-sdk-shake.html in Resources */,
				231D99611C6A5857002789A2 /* ios-social-sdk-share-quick.html in Resources */,
				231D995B1C6A5857002789A2 /* ios-social-sdk-comment-quick.html in Resources */,
				231D995E1C6A5857002789A2 /* ios-social-sdk-login-quick.html in Resources */,
				239D5FC41C68C5C100A99716 /* 3.jpg in Resources */,
				231D994A1C6A5857002789A2 /* UMSCommentInputController.xib in Resources */,
				2313D6271C6CBD950065DFC9 /* MainHomeCell.xib in Resources */,
				231D995C1C6A5857002789A2 /* ios-social-sdk-like.html in Resources */,
				231D99551C6A5857002789A2 /* TencentOpenApi_IOS_Bundle.bundle in Resources */,
				231D99511C6A5857002789A2 /* UMSocialSDKResourcesNew.bundle in Resources */,
				239D5FC81C68C5C100A99716 /* 7.jpg in Resources */,
				239D5F911C68C10100A99716 /* Assets.xcassets in Resources */,
				231D99491C6A5857002789A2 /* UMSCommentDetailController.xib in Resources */,
				23C694CC1C6DF68D00F14368 /* LoginController.xib in Resources */,
				235C78941C6C65A5001491EF /* OrderListCell.xib in Resources */,
				231D99621C6A5857002789A2 /* ios-social-sdk-socialBar.html in Resources */,
				231D99601C6A5857002789A2 /* ios-social-sdk-share-detail.html in Resources */,
				239D5F8C1C68C10100A99716 /* Main.storyboard in Resources */,
				231D994F1C6A5857002789A2 /* UMSnsAccountViewController.xib in Resources */,
				231D995A1C6A5857002789A2 /* ios-social-sdk-comment-detail.html in Resources */,
			);
			runOnlyForDeploymentPostprocessing = 0;
		};
		239D5F981C68C10100A99716 /* Resources */ = {
			isa = PBXResourcesBuildPhase;
			buildActionMask = 2147483647;
			files = (
			);
			runOnlyForDeploymentPostprocessing = 0;
		};
		239D5FA31C68C10100A99716 /* Resources */ = {
			isa = PBXResourcesBuildPhase;
			buildActionMask = 2147483647;
			files = (
			);
			runOnlyForDeploymentPostprocessing = 0;
		};
/* End PBXResourcesBuildPhase section */

/* Begin PBXShellScriptBuildPhase section */
		7005941E62FA704591693090 /* Check Pods Manifest.lock */ = {
			isa = PBXShellScriptBuildPhase;
			buildActionMask = 2147483647;
			files = (
			);
			inputPaths = (
			);
			name = "Check Pods Manifest.lock";
			outputPaths = (
			);
			runOnlyForDeploymentPostprocessing = 0;
			shellPath = /bin/sh;
			shellScript = "diff \"${PODS_ROOT}/../Podfile.lock\" \"${PODS_ROOT}/Manifest.lock\" > /dev/null\nif [[ $? != 0 ]] ; then\n    cat << EOM\nerror: The sandbox is not in sync with the Podfile.lock. Run 'pod install' or update your CocoaPods installation.\nEOM\n    exit 1\nfi\n";
			showEnvVarsInLog = 0;
		};
		806BA04B226B7BD64710F52F /* Copy Pods Resources */ = {
			isa = PBXShellScriptBuildPhase;
			buildActionMask = 2147483647;
			files = (
			);
			inputPaths = (
			);
			name = "Copy Pods Resources";
			outputPaths = (
			);
			runOnlyForDeploymentPostprocessing = 0;
			shellPath = /bin/sh;
			shellScript = "\"${SRCROOT}/Pods/Target Support Files/Pods/Pods-resources.sh\"\n";
			showEnvVarsInLog = 0;
		};
		B430A868AD777B3472B0CAB4 /* Embed Pods Frameworks */ = {
			isa = PBXShellScriptBuildPhase;
			buildActionMask = 2147483647;
			files = (
			);
			inputPaths = (
			);
			name = "Embed Pods Frameworks";
			outputPaths = (
			);
			runOnlyForDeploymentPostprocessing = 0;
			shellPath = /bin/sh;
			shellScript = "\"${SRCROOT}/Pods/Target Support Files/Pods/Pods-frameworks.sh\"\n";
			showEnvVarsInLog = 0;
		};
/* End PBXShellScriptBuildPhase section */

/* Begin PBXSourcesBuildPhase section */
		239D5F7F1C68C10100A99716 /* Sources */ = {
			isa = PBXSourcesBuildPhase;
			buildActionMask = 2147483647;
			files = (
				231D99091C6A478F002789A2 /* UINavigationController+FDFullscreenPopGesture.m in Sources */,
				231D98F61C6A2109002789A2 /* OrderListController.swift in Sources */,
				23DD85E61C6F55940040C046 /* HttpRequestManager.swift in Sources */,
				23DD85E81C6F56FD0040C046 /* HttpNetworkReachability.swift in Sources */,
				239D5F8F1C68C10100A99716 /* GuideInterface.xcdatamodeld in Sources */,
				2313D6261C6CBD950065DFC9 /* MainHomeCell.swift in Sources */,
				231D98F31C6A2109002789A2 /* MainHomeController.swift in Sources */,
				23DD85E41C6F538A0040C046 /* HttpRequest.swift in Sources */,
				2313D6171C6CAC880065DFC9 /* AdPageView.swift in Sources */,
				231D98F41C6A2109002789A2 /* MainTabBarController.swift in Sources */,
				23C694D11C6E27B400F14368 /* SwiftNotice.swift in Sources */,
				231D98F71C6A2109002789A2 /* ViewController.swift in Sources */,
				23C694CE1C6DF6CD00F14368 /* LoginController.swift in Sources */,
				231D98E81C6A2086002789A2 /* BaseViewController.swift in Sources */,
				231D98E71C6A2086002789A2 /* BaseTableViewController.swift in Sources */,
				239D5F871C68C10100A99716 /* AppDelegate.swift in Sources */,
				23156F531C70B5300013A59F /* MessageCenter.swift in Sources */,
				231D99021C6A40BE002789A2 /* MinePersonalCell.swift in Sources */,
				23DD85E21C6F53090040C046 /* Reachability.swift in Sources */,
				235C78961C6C65BF001491EF /* OrderListCell.swift in Sources */,
				231D99001C6A2E5B002789A2 /* UIViewExtension.swift in Sources */,
				2313D62C1C6CC52A0065DFC9 /* mainHomeBannerCell.swift in Sources */,
				231D98FE1C6A282C002789A2 /* MineUserInfoView.swift in Sources */,
				231D98F21C6A2109002789A2 /* GiudeInterface.swift in Sources */,
				235C788A1C6C606A001491EF /* YSSegmentedControl.swift in Sources */,
				231D98F51C6A2109002789A2 /* MineHomeController.swift in Sources */,
			);
			runOnlyForDeploymentPostprocessing = 0;
		};
		239D5F961C68C10100A99716 /* Sources */ = {
			isa = PBXSourcesBuildPhase;
			buildActionMask = 2147483647;
			files = (
				239D5F9F1C68C10100A99716 /* GuideInterfaceTests.swift in Sources */,
			);
			runOnlyForDeploymentPostprocessing = 0;
		};
		239D5FA11C68C10100A99716 /* Sources */ = {
			isa = PBXSourcesBuildPhase;
			buildActionMask = 2147483647;
			files = (
				239D5FAA1C68C10100A99716 /* GuideInterfaceUITests.swift in Sources */,
			);
			runOnlyForDeploymentPostprocessing = 0;
		};
/* End PBXSourcesBuildPhase section */

/* Begin PBXTargetDependency section */
		239D5F9C1C68C10100A99716 /* PBXTargetDependency */ = {
			isa = PBXTargetDependency;
			target = 239D5F821C68C10100A99716 /* GuideInterface */;
			targetProxy = 239D5F9B1C68C10100A99716 /* PBXContainerItemProxy */;
		};
		239D5FA71C68C10100A99716 /* PBXTargetDependency */ = {
			isa = PBXTargetDependency;
			target = 239D5F821C68C10100A99716 /* GuideInterface */;
			targetProxy = 239D5FA61C68C10100A99716 /* PBXContainerItemProxy */;
		};
/* End PBXTargetDependency section */

/* Begin PBXVariantGroup section */
		231D990F1C6A5857002789A2 /* UMSocialLocalizable.strings */ = {
			isa = PBXVariantGroup;
			children = (
				231D99101C6A5857002789A2 /* en */,
				231D99291C6A5857002789A2 /* zh-Hans */,
			);
			name = UMSocialLocalizable.strings;
			sourceTree = "<group>";
		};
		239D5F8A1C68C10100A99716 /* Main.storyboard */ = {
			isa = PBXVariantGroup;
			children = (
				239D5F8B1C68C10100A99716 /* Base */,
			);
			name = Main.storyboard;
			sourceTree = "<group>";
		};
		239D5F921C68C10100A99716 /* LaunchScreen.storyboard */ = {
			isa = PBXVariantGroup;
			children = (
				239D5F931C68C10100A99716 /* Base */,
			);
			name = LaunchScreen.storyboard;
			sourceTree = "<group>";
		};
/* End PBXVariantGroup section */

/* Begin XCBuildConfiguration section */
		239D5FAC1C68C10100A99716 /* Debug */ = {
			isa = XCBuildConfiguration;
			buildSettings = {
				ALWAYS_SEARCH_USER_PATHS = NO;
				CLANG_CXX_LANGUAGE_STANDARD = "gnu++0x";
				CLANG_CXX_LIBRARY = "libc++";
				CLANG_ENABLE_MODULES = YES;
				CLANG_ENABLE_OBJC_ARC = YES;
				CLANG_WARN_BOOL_CONVERSION = YES;
				CLANG_WARN_CONSTANT_CONVERSION = YES;
				CLANG_WARN_DIRECT_OBJC_ISA_USAGE = YES_ERROR;
				CLANG_WARN_EMPTY_BODY = YES;
				CLANG_WARN_ENUM_CONVERSION = YES;
				CLANG_WARN_INT_CONVERSION = YES;
				CLANG_WARN_OBJC_ROOT_CLASS = YES_ERROR;
				CLANG_WARN_UNREACHABLE_CODE = YES;
				CLANG_WARN__DUPLICATE_METHOD_MATCH = YES;
				"CODE_SIGN_IDENTITY[sdk=iphoneos*]" = "iPhone Developer";
				COPY_PHASE_STRIP = NO;
				DEBUG_INFORMATION_FORMAT = dwarf;
				ENABLE_STRICT_OBJC_MSGSEND = YES;
				ENABLE_TESTABILITY = YES;
				GCC_C_LANGUAGE_STANDARD = gnu99;
				GCC_DYNAMIC_NO_PIC = NO;
				GCC_NO_COMMON_BLOCKS = YES;
				GCC_OPTIMIZATION_LEVEL = 0;
				GCC_PREPROCESSOR_DEFINITIONS = (
					"DEBUG=1",
					"$(inherited)",
				);
				GCC_WARN_64_TO_32_BIT_CONVERSION = YES;
				GCC_WARN_ABOUT_RETURN_TYPE = YES_ERROR;
				GCC_WARN_UNDECLARED_SELECTOR = YES;
				GCC_WARN_UNINITIALIZED_AUTOS = YES_AGGRESSIVE;
				GCC_WARN_UNUSED_FUNCTION = YES;
				GCC_WARN_UNUSED_VARIABLE = YES;
				IPHONEOS_DEPLOYMENT_TARGET = 9.2;
				MTL_ENABLE_DEBUG_INFO = YES;
				ONLY_ACTIVE_ARCH = YES;
				SDKROOT = iphoneos;
				SWIFT_OPTIMIZATION_LEVEL = "-Onone";
				TARGETED_DEVICE_FAMILY = "1,2";
			};
			name = Debug;
		};
		239D5FAD1C68C10100A99716 /* Release */ = {
			isa = XCBuildConfiguration;
			buildSettings = {
				ALWAYS_SEARCH_USER_PATHS = NO;
				CLANG_CXX_LANGUAGE_STANDARD = "gnu++0x";
				CLANG_CXX_LIBRARY = "libc++";
				CLANG_ENABLE_MODULES = YES;
				CLANG_ENABLE_OBJC_ARC = YES;
				CLANG_WARN_BOOL_CONVERSION = YES;
				CLANG_WARN_CONSTANT_CONVERSION = YES;
				CLANG_WARN_DIRECT_OBJC_ISA_USAGE = YES_ERROR;
				CLANG_WARN_EMPTY_BODY = YES;
				CLANG_WARN_ENUM_CONVERSION = YES;
				CLANG_WARN_INT_CONVERSION = YES;
				CLANG_WARN_OBJC_ROOT_CLASS = YES_ERROR;
				CLANG_WARN_UNREACHABLE_CODE = YES;
				CLANG_WARN__DUPLICATE_METHOD_MATCH = YES;
				"CODE_SIGN_IDENTITY[sdk=iphoneos*]" = "iPhone Developer";
				COPY_PHASE_STRIP = NO;
				DEBUG_INFORMATION_FORMAT = "dwarf-with-dsym";
				ENABLE_NS_ASSERTIONS = NO;
				ENABLE_STRICT_OBJC_MSGSEND = YES;
				GCC_C_LANGUAGE_STANDARD = gnu99;
				GCC_NO_COMMON_BLOCKS = YES;
				GCC_WARN_64_TO_32_BIT_CONVERSION = YES;
				GCC_WARN_ABOUT_RETURN_TYPE = YES_ERROR;
				GCC_WARN_UNDECLARED_SELECTOR = YES;
				GCC_WARN_UNINITIALIZED_AUTOS = YES_AGGRESSIVE;
				GCC_WARN_UNUSED_FUNCTION = YES;
				GCC_WARN_UNUSED_VARIABLE = YES;
				IPHONEOS_DEPLOYMENT_TARGET = 9.2;
				MTL_ENABLE_DEBUG_INFO = NO;
				SDKROOT = iphoneos;
				TARGETED_DEVICE_FAMILY = "1,2";
				VALIDATE_PRODUCT = YES;
			};
			name = Release;
		};
		239D5FAF1C68C10100A99716 /* Debug */ = {
			isa = XCBuildConfiguration;
			baseConfigurationReference = 621F40C9964C74294AC3474D /* Pods.debug.xcconfig */;
			buildSettings = {
				ASSETCATALOG_COMPILER_APPICON_NAME = AppIcon;
				CLANG_ENABLE_MODULES = YES;
				CODE_SIGN_IDENTITY = "iPhone Developer: 891809836@qq.com (232ZSFU24A)";
				ENABLE_BITCODE = NO;
				FRAMEWORK_SEARCH_PATHS = (
					"$(inherited)",
					"$(PROJECT_DIR)/GuideInterface/Tool/UMSocial_Sdk_Extra_Frameworks/TencentOpenAPI",
				);
				INFOPLIST_FILE = GuideInterface/Info.plist;
				LD_RUNPATH_SEARCH_PATHS = "$(inherited) @executable_path/Frameworks";
				LIBRARY_SEARCH_PATHS = (
					"$(inherited)",
					"$(PROJECT_DIR)/GuideInterface/Tool/UMSocial_Sdk_4.2.1",
					"$(PROJECT_DIR)/GuideInterface/Tool/UMSocial_Sdk_Extra_Frameworks/Sina",
					"$(PROJECT_DIR)/GuideInterface/Tool/UMSocial_Sdk_Extra_Frameworks/TencentOpenAPI",
					"$(PROJECT_DIR)/GuideInterface/Tool/UMSocial_Sdk_Extra_Frameworks/Wechat",
				);
				PRODUCT_BUNDLE_IDENTIFIER = com.wpf.PayDemo;
				PRODUCT_NAME = "$(TARGET_NAME)";
				SWIFT_OBJC_BRIDGING_HEADER = "GuideInterface/Base/GuideInterface-Bridging-Header.h";
				SWIFT_OPTIMIZATION_LEVEL = "-Onone";
			};
			name = Debug;
		};
		239D5FB01C68C10100A99716 /* Release */ = {
			isa = XCBuildConfiguration;
			baseConfigurationReference = BD05E4D7961E510049C74E19 /* Pods.release.xcconfig */;
			buildSettings = {
				ASSETCATALOG_COMPILER_APPICON_NAME = AppIcon;
				CLANG_ENABLE_MODULES = YES;
				CODE_SIGN_IDENTITY = "iPhone Developer: 891809836@qq.com (232ZSFU24A)";
				ENABLE_BITCODE = NO;
				FRAMEWORK_SEARCH_PATHS = (
					"$(inherited)",
					"$(PROJECT_DIR)/GuideInterface/Tool/UMSocial_Sdk_Extra_Frameworks/TencentOpenAPI",
				);
				INFOPLIST_FILE = GuideInterface/Info.plist;
				LD_RUNPATH_SEARCH_PATHS = "$(inherited) @executable_path/Frameworks";
				LIBRARY_SEARCH_PATHS = (
					"$(inherited)",
					"$(PROJECT_DIR)/GuideInterface/Tool/UMSocial_Sdk_4.2.1",
					"$(PROJECT_DIR)/GuideInterface/Tool/UMSocial_Sdk_Extra_Frameworks/Sina",
					"$(PROJECT_DIR)/GuideInterface/Tool/UMSocial_Sdk_Extra_Frameworks/TencentOpenAPI",
					"$(PROJECT_DIR)/GuideInterface/Tool/UMSocial_Sdk_Extra_Frameworks/Wechat",
				);
				PRODUCT_BUNDLE_IDENTIFIER = com.wpf.PayDemo;
				PRODUCT_NAME = "$(TARGET_NAME)";
				SWIFT_OBJC_BRIDGING_HEADER = "GuideInterface/Base/GuideInterface-Bridging-Header.h";
			};
			name = Release;
		};
		239D5FB21C68C10100A99716 /* Debug */ = {
			isa = XCBuildConfiguration;
			buildSettings = {
				BUNDLE_LOADER = "$(TEST_HOST)";
				INFOPLIST_FILE = GuideInterfaceTests/Info.plist;
				LD_RUNPATH_SEARCH_PATHS = "$(inherited) @executable_path/Frameworks @loader_path/Frameworks";
				PRODUCT_BUNDLE_IDENTIFIER = com.lezhu.imike.GuideInterfaceTests;
				PRODUCT_NAME = "$(TARGET_NAME)";
				TEST_HOST = "$(BUILT_PRODUCTS_DIR)/GuideInterface.app/GuideInterface";
			};
			name = Debug;
		};
		239D5FB31C68C10100A99716 /* Release */ = {
			isa = XCBuildConfiguration;
			buildSettings = {
				BUNDLE_LOADER = "$(TEST_HOST)";
				INFOPLIST_FILE = GuideInterfaceTests/Info.plist;
				LD_RUNPATH_SEARCH_PATHS = "$(inherited) @executable_path/Frameworks @loader_path/Frameworks";
				PRODUCT_BUNDLE_IDENTIFIER = com.lezhu.imike.GuideInterfaceTests;
				PRODUCT_NAME = "$(TARGET_NAME)";
				TEST_HOST = "$(BUILT_PRODUCTS_DIR)/GuideInterface.app/GuideInterface";
			};
			name = Release;
		};
		239D5FB51C68C10100A99716 /* Debug */ = {
			isa = XCBuildConfiguration;
			buildSettings = {
				INFOPLIST_FILE = GuideInterfaceUITests/Info.plist;
				LD_RUNPATH_SEARCH_PATHS = "$(inherited) @executable_path/Frameworks @loader_path/Frameworks";
				PRODUCT_BUNDLE_IDENTIFIER = com.lezhu.imike.GuideInterfaceUITests;
				PRODUCT_NAME = "$(TARGET_NAME)";
				TEST_TARGET_NAME = GuideInterface;
				USES_XCTRUNNER = YES;
			};
			name = Debug;
		};
		239D5FB61C68C10100A99716 /* Release */ = {
			isa = XCBuildConfiguration;
			buildSettings = {
				INFOPLIST_FILE = GuideInterfaceUITests/Info.plist;
				LD_RUNPATH_SEARCH_PATHS = "$(inherited) @executable_path/Frameworks @loader_path/Frameworks";
				PRODUCT_BUNDLE_IDENTIFIER = com.lezhu.imike.GuideInterfaceUITests;
				PRODUCT_NAME = "$(TARGET_NAME)";
				TEST_TARGET_NAME = GuideInterface;
				USES_XCTRUNNER = YES;
			};
			name = Release;
		};
/* End XCBuildConfiguration section */

/* Begin XCConfigurationList section */
		239D5F7E1C68C10100A99716 /* Build configuration list for PBXProject "GuideInterface" */ = {
			isa = XCConfigurationList;
			buildConfigurations = (
				239D5FAC1C68C10100A99716 /* Debug */,
				239D5FAD1C68C10100A99716 /* Release */,
			);
			defaultConfigurationIsVisible = 0;
			defaultConfigurationName = Release;
		};
		239D5FAE1C68C10100A99716 /* Build configuration list for PBXNativeTarget "GuideInterface" */ = {
			isa = XCConfigurationList;
			buildConfigurations = (
				239D5FAF1C68C10100A99716 /* Debug */,
				239D5FB01C68C10100A99716 /* Release */,
			);
			defaultConfigurationIsVisible = 0;
			defaultConfigurationName = Release;
		};
		239D5FB11C68C10100A99716 /* Build configuration list for PBXNativeTarget "GuideInterfaceTests" */ = {
			isa = XCConfigurationList;
			buildConfigurations = (
				239D5FB21C68C10100A99716 /* Debug */,
				239D5FB31C68C10100A99716 /* Release */,
			);
			defaultConfigurationIsVisible = 0;
			defaultConfigurationName = Release;
		};
		239D5FB41C68C10100A99716 /* Build configuration list for PBXNativeTarget "GuideInterfaceUITests" */ = {
			isa = XCConfigurationList;
			buildConfigurations = (
				239D5FB51C68C10100A99716 /* Debug */,
				239D5FB61C68C10100A99716 /* Release */,
			);
			defaultConfigurationIsVisible = 0;
			defaultConfigurationName = Release;
		};
/* End XCConfigurationList section */

/* Begin XCVersionGroup section */
		239D5F8D1C68C10100A99716 /* GuideInterface.xcdatamodeld */ = {
			isa = XCVersionGroup;
			children = (
				239D5F8E1C68C10100A99716 /* GuideInterface.xcdatamodel */,
			);
			currentVersion = 239D5F8E1C68C10100A99716 /* GuideInterface.xcdatamodel */;
			path = GuideInterface.xcdatamodeld;
			sourceTree = "<group>";
			versionGroupType = wrapper.xcdatamodel;
		};
/* End XCVersionGroup section */
	};
	rootObject = 239D5F7B1C68C10100A99716 /* Project object */;
}
