PODS:
  - Alamofire (3.2.0)
  - KeyboardMan (0.5.2)
  - MJRefresh (3.1.0)
  - SCLAlertView (0.5)
  - SDWebImage (3.7.5):
    - SDWebImage/Core (= 3.7.5)
  - SDWebImage/Core (3.7.5)
  - SwiftyJSON (2.3.2)
  - UIColor_Hex_Swift (1.8)

DEPENDENCIES:
  - Alamofire (~> 3.2.0)
  - KeyboardMan (~> 0.5.2)
  - MJRefresh
  - SCLAlertView
  - SDWebImage (~> 3.6)
  - SwiftyJSON (>= 2.1.3)
  - UIColor_Hex_Swift (~> 1.8)

SPEC CHECKSUMS:
  Alamofire: 4da478599fccddff361205c8929333d7fe18dceb
  KeyboardMan: b081c254c5c0adc794a49b4e97a86cb4ac917a66
  MJRefresh: 743e6404967d1c2c688472ea3ecfde247d872db4
  SCLAlertView: 51a328f3985e13e6bfe8dc77123543480fa615f9
  SDWebImage: 69c6303e3348fba97e03f65d65d4fbc26740f461
  SwiftyJSON: 04ccea08915aa0109039157c7974cf0298da292a
  UIColor_Hex_Swift: a66b9d5f6e8fddbd9fe32996504f0b7e9d20d680

COCOAPODS: 0.39.0
